
Microsoft Visual Studio Solution File, Format Version 11.00
# Visual Studio 2010
Project("{F2A71F9B-5D33-465A-A702-920D77279786}") = "HelloFsWorld.Core", "src\HelloFsWorld.Core\HelloFsWorld.Core.fsproj", "{A9A329EE-F96A-4727-B9FB-CAFBF496BC49}"
EndProject
Project("{FAE04EC0-301F-11D3-BF4B-00C04F79EFBC}") = "HelloFsWorld.Web", "src\HelloFsWorld.Web\HelloFsWorld.Web.csproj", "{3E0E78CF-4DEF-45B7-A62C-BDB9E337FD06}"
EndProject
Global
	GlobalSection(SolutionConfigurationPlatforms) = preSolution
		Debug|Any CPU = Debug|Any CPU
		Release|Any CPU = Release|Any CPU
	EndGlobalSection
	GlobalSection(ProjectConfigurationPlatforms) = postSolution
		{A9A329EE-F96A-4727-B9FB-CAFBF496BC49}.Debug|Any CPU.ActiveCfg = Debug|Any CPU
		{A9A329EE-F96A-4727-B9FB-CAFBF496BC49}.Debug|Any CPU.Build.0 = Debug|Any CPU
		{A9A329EE-F96A-4727-B9FB-CAFBF496BC49}.Release|Any CPU.ActiveCfg = Release|Any CPU
		{A9A329EE-F96A-4727-B9FB-CAFBF496BC49}.Release|Any CPU.Build.0 = Release|Any CPU
		{3E0E78CF-4DEF-45B7-A62C-BDB9E337FD06}.Debug|Any CPU.ActiveCfg = Debug|Any CPU
		{3E0E78CF-4DEF-45B7-A62C-BDB9E337FD06}.Debug|Any CPU.Build.0 = Debug|Any CPU
		{3E0E78CF-4DEF-45B7-A62C-BDB9E337FD06}.Release|Any CPU.ActiveCfg = Release|Any CPU
		{3E0E78CF-4DEF-45B7-A62C-BDB9E337FD06}.Release|Any CPU.Build.0 = Release|Any CPU
	EndGlobalSection
	GlobalSection(SolutionProperties) = preSolution
		HideSolutionNode = FALSE
	EndGlobalSection
EndGlobal
